{
  "action: remove_modular_gem\nreason: \"The gemspec owns the project's documentation dependency.\"": [
    {
      "file": ".structuredmerge/kettle-jem.yml",
      "lines": [
        122,
        127
      ]
    }
  ],
  "action: remove_modular_gem\nreason: \"The gemspec owns the project's style dependency.\"": [
    {
      "file": ".structuredmerge/kettle-jem.yml",
      "lines": [
        112,
        117
      ]
    }
  ],
  "direct: active_security.gemspec\nmodular: gemfiles/modular/documentation.gemfile": [
    {
      "file": ".structuredmerge/kettle-jem.yml",
      "lines": [
        120,
        125
      ]
    }
  ],
  "direct: active_security.gemspec\nmodular: gemfiles/modular/style.gemfile": [
    {
      "file": ".structuredmerge/kettle-jem.yml",
      "lines": [
        110,
        115
      ]
    }
  ],
  "modular: gemfiles/modular/documentation.gemfile\naction: remove_modular_gem": [
    {
      "file": ".structuredmerge/kettle-jem.yml",
      "lines": [
        121,
        126
      ]
    }
  ],
  "modular: gemfiles/modular/style.gemfile\naction: remove_modular_gem": [
    {
      "file": ".structuredmerge/kettle-jem.yml",
      "lines": [
        111,
        116
      ]
    }
  ]
}
